{
  "version": 4,
  "terraform_version": "1.8.0",
  "serial": 1,
  "lineage": "sample-lineage",
  "outputs": {},
  "resources": [
    {
      "mode": "managed",
      "type": "aws_security_group",
      "name": "orders",
      "provider": "provider[\"registry.terraform.io/hashicorp/aws\"]",
      "instances": [
        {
          "schema_version": 1,
          "attributes": {
            "id": "sg-abc123",
            "name": "orders-prod",
            "tags": {
              "Team": "orders",
              "Environment": "prod"
            }
          }
        }
      ]
    },
    {
      "mode": "managed",
      "type": "aws_db_instance",
      "name": "orders_prod",
      "provider": "provider[\"registry.terraform.io/hashicorp/aws\"]",
      "instances": [
        {
          "schema_version": 1,
          "attributes": {
            "id": "orders-prod",
            "identifier": "orders-prod",
            "instance_class": "db.r5.large",
            "engine": "postgres",
            "tags": {
              "Team": "orders",
              "Environment": "prod"
            }
          },
          "dependencies": [
            "aws_security_group.orders"
          ]
        }
      ]
    }
  ]
}
